
Microsoft Visual Studio Solution File, Format Version 12.00
# Visual Studio Version 16
VisualStudioVersion = 16.0.32602.291
MinimumVisualStudioVersion = 10.0.40219.1
Project("{FAE04EC0-301F-11D3-BF4B-00C04F79EFBC}") = "ReportesPDF02", "ReportesPDF02\ReportesPDF02.csproj", "{E135CEFB-D972-4EE3-A4BA-83FDCE1B956F}"
EndProject
Global
	GlobalSection(SolutionConfigurationPlatforms) = preSolution
		Debug|Any CPU = Debug|Any CPU
		Release|Any CPU = Release|Any CPU
	EndGlobalSection
	GlobalSection(ProjectConfigurationPlatforms) = postSolution
		{E135CEFB-D972-4EE3-A4BA-83FDCE1B956F}.Debug|Any CPU.ActiveCfg = Debug|Any CPU
		{E135CEFB-D972-4EE3-A4BA-83FDCE1B956F}.Debug|Any CPU.Build.0 = Debug|Any CPU
		{E135CEFB-D972-4EE3-A4BA-83FDCE1B956F}.Release|Any CPU.ActiveCfg = Release|Any CPU
		{E135CEFB-D972-4EE3-A4BA-83FDCE1B956F}.Release|Any CPU.Build.0 = Release|Any CPU
	EndGlobalSection
	GlobalSection(SolutionProperties) = preSolution
		HideSolutionNode = FALSE
	EndGlobalSection
	GlobalSection(ExtensibilityGlobals) = postSolution
		SolutionGuid = {B4E85EC6-942C-4002-B048-5CDACBFCBB38}
	EndGlobalSection
EndGlobal
